{
  "version": 4,
  "terraform_version": "0.12.12",
  "serial": 109,
  "lineage": "34ff564d-4511-d979-2ebf-4f13f178a406",
  "outputs": {},
  "resources": [
    {
      "module": "module.ec2module",
      "mode": "managed",
      "type": "aws_ebs_volume",
      "name": "testvolume",
      "provider": "provider.aws",
      "instances": [
        {
          "schema_version": 0,
          "attributes": {
            "arn": "arn:aws:ec2:eu-west-1:738838695266:volume/vol-0c869b29498aae266",
            "availability_zone": "eu-west-1c",
            "encrypted": false,
            "id": "vol-0c869b29498aae266",
            "iops": 100,
            "kms_key_id": "",
            "size": 20,
            "snapshot_id": "",
            "tags": {
              "App": "webserver",
              "Environment": "dev",
              "Owner": "thecamels",
              "Project": "testwebserver",
              "Role": "webserver",
              "Version": "1.0"
            },
            "type": "gp2"
          },
          "private": "bnVsbA=="
        }
      ]
    },
    {
      "module": "module.ec2module",
      "mode": "managed",
      "type": "aws_instance",
      "name": "ec2test",
      "provider": "provider.aws",
      "instances": [
        {
          "schema_version": 1,
          "attributes": {
            "ami": "ami-0dc9a8d2479a3c7d7",
            "arn": "arn:aws:ec2:eu-west-1:738838695266:instance/i-0886690d27f35d6d9",
            "associate_public_ip_address": true,
            "availability_zone": "eu-west-1c",
            "cpu_core_count": 1,
            "cpu_threads_per_core": 1,
            "credit_specification": [
              {
                "cpu_credits": "standard"
              }
            ],
            "disable_api_termination": false,
            "ebs_block_device": [],
            "ebs_optimized": false,
            "ephemeral_block_device": [],
            "get_password_data": false,
            "host_id": null,
            "iam_instance_profile": "",
            "id": "i-0886690d27f35d6d9",
            "instance_initiated_shutdown_behavior": null,
            "instance_state": "running",
            "instance_type": "t2.micro",
            "ipv6_address_count": 0,
            "ipv6_addresses": [],
            "key_name": "",
            "monitoring": false,
            "network_interface": [],
            "network_interface_id": null,
            "password_data": "",
            "placement_group": "",
            "primary_network_interface_id": "eni-0183cee219c2c2d0a",
            "private_dns": "ip-172-31-27-87.eu-west-1.compute.internal",
            "private_ip": "172.31.27.87",
            "public_dns": "ec2-34-243-188-248.eu-west-1.compute.amazonaws.com",
            "public_ip": "34.243.188.248",
            "root_block_device": [
              {
                "delete_on_termination": true,
                "encrypted": false,
                "iops": 0,
                "kms_key_id": "",
                "volume_id": "vol-07bdbc167c52f5f8e",
                "volume_size": 8,
                "volume_type": "standard"
              }
            ],
            "security_groups": [
              "default"
            ],
            "source_dest_check": true,
            "subnet_id": "subnet-ccc79f84",
            "tags": {
              "App": "webserver",
              "Environment": "dev",
              "Owner": "thecamels",
              "Project": "testwebserver",
              "Role": "webserver",
              "Version": "1.0"
            },
            "tenancy": "default",
            "timeouts": null,
            "user_data": null,
            "user_data_base64": null,
            "volume_tags": {},
            "vpc_security_group_ids": [
              "sg-b3c23efa"
            ]
          },
          "private": "eyJlMmJmYjczMC1lY2FhLTExZTYtOGY4OC0zNDM2M2JjN2M0YzAiOnsiY3JlYXRlIjo2MDAwMDAwMDAwMDAsImRlbGV0ZSI6MTIwMDAwMDAwMDAwMCwidXBkYXRlIjo2MDAwMDAwMDAwMDB9LCJzY2hlbWFfdmVyc2lvbiI6IjEifQ=="
        }
      ]
    },
    {
      "module": "module.ec2module",
      "mode": "managed",
      "type": "aws_volume_attachment",
      "name": "ebs_att",
      "provider": "provider.aws",
      "instances": [
        {
          "schema_version": 0,
          "attributes": {
            "device_name": "/dev/sdh",
            "force_detach": null,
            "id": "vai-165146259",
            "instance_id": "i-0886690d27f35d6d9",
            "skip_destroy": null,
            "volume_id": "vol-0c869b29498aae266"
          },
          "private": "bnVsbA==",
          "depends_on": [
            "aws_ebs_volume.testvolume",
            "aws_instance.ec2test"
          ]
        }
      ]
    }
  ]
}
